{
  "name": "senergy-properties-provider",
  "version": "0.0.1",
  "lockfileVersion": 1,
  "requires": true,
  "dependencies": {
    "bpmn-font": {
      "version": "0.9.3",
      "resolved": "https://registry.npmjs.org/bpmn-font/-/bpmn-font-0.9.3.tgz",
      "integrity": "sha512-kzRGXGLzTROLRNCSskkOyj/+SbtTAn2unKfgB9tNt7RWJFybg/Wbe9YjK2ALotI3b64wwlCTkAalXiTiskP6dg=="
    },
    "bpmn-js": {
      "version": "4.0.4",
      "resolved": "https://registry.npmjs.org/bpmn-js/-/bpmn-js-4.0.4.tgz",
      "integrity": "sha512-LEKusdwTwgWk5YGjA6mxecpaa2AAKOBbhWCwA5e7mYJ6T+/A9gCjTmbGPtq5rQQVjdLO4pt5kVEOolrRJMd32g==",
      "requires": {
        "bpmn-font": "^0.9.3",
        "bpmn-moddle": "^5.2.0",
        "css.escape": "^1.5.1",
        "diagram-js": "^4.0.3",
        "diagram-js-direct-editing": "^1.5.0",
        "ids": "^1.0.0",
        "inherits": "^2.0.1",
        "min-dash": "^3.5.0",
        "min-dom": "^3.0.0",
        "object-refs": "^0.3.0",
        "tiny-svg": "^2.2.1"
      }
    },
    "bpmn-js-properties-panel": {
      "version": "0.32.2",
      "resolved": "https://registry.npmjs.org/bpmn-js-properties-panel/-/bpmn-js-properties-panel-0.32.2.tgz",
      "integrity": "sha512-nf2fFZUJfoChcKiiSvLJwutbnU0l/gPl2CopxisJo4dbZ7vYbqPnG/FYVU1MgYD6y+FtOxF2pGljd8wA+IYdmw==",
      "requires": {
        "ids": "^1.0.0",
        "inherits": "^2.0.1",
        "lodash": "^4.17.15",
        "min-dom": "^3.1.1",
        "scroll-tabs": "^1.0.1",
        "selection-update": "^0.1.2"
      }
    },
    "bpmn-moddle": {
      "version": "5.2.0",
      "resolved": "https://registry.npmjs.org/bpmn-moddle/-/bpmn-moddle-5.2.0.tgz",
      "integrity": "sha512-MZTlpIXWcHTelp09vR4hs23diCdeHl4JbwOXGmif10qf9v/kqreiCMeo0B9w8eEmZqdRdkulTIScKavTYOxTQw==",
      "requires": {
        "min-dash": "^3.0.0",
        "moddle": "^4.1.0",
        "moddle-xml": "^7.5.0"
      }
    },
    "camunda-bpmn-moddle": {
      "version": "4.3.0",
      "resolved": "https://registry.npmjs.org/camunda-bpmn-moddle/-/camunda-bpmn-moddle-4.3.0.tgz",
      "integrity": "sha512-feIu3ARiXwSmrm9s9M33RB9HCbUvvrKYABjKK8hD9ZcH7zSNlM03BDHds0Bp5V78xn4ZWgNgfByS9mahGvaiTg==",
      "requires": {
        "min-dash": "^3.0.0"
      }
    },
    "closest": {
      "version": "0.0.1",
      "resolved": "https://registry.npmjs.org/closest/-/closest-0.0.1.tgz",
      "integrity": "sha1-JtpvgLPg4X5x+A8SeCgZ6fZTSVw=",
      "requires": {
        "matches-selector": "0.0.1"
      },
      "dependencies": {
        "matches-selector": {
          "version": "0.0.1",
          "resolved": "https://registry.npmjs.org/matches-selector/-/matches-selector-0.0.1.tgz",
          "integrity": "sha1-HfUmIkOuNBwaCATdMCBIJnrHE7s="
        }
      }
    },
    "component-event": {
      "version": "0.1.4",
      "resolved": "https://registry.npmjs.org/component-event/-/component-event-0.1.4.tgz",
      "integrity": "sha1-PeePwoeCOBeH4kvyp8U2vwFCybQ="
    },
    "css.escape": {
      "version": "1.5.1",
      "resolved": "https://registry.npmjs.org/css.escape/-/css.escape-1.5.1.tgz",
      "integrity": "sha1-QuJ9T6BK4y+TGktNQZH6nN3ul8s="
    },
    "delegate-events": {
      "version": "1.1.1",
      "resolved": "https://registry.npmjs.org/delegate-events/-/delegate-events-1.1.1.tgz",
      "integrity": "sha1-2rSQqcHx1AykDrzSHtr3F7Zx1NQ=",
      "requires": {
        "closest": "*",
        "component-event": "*"
      }
    },
    "diagram-js": {
      "version": "4.0.3",
      "resolved": "https://registry.npmjs.org/diagram-js/-/diagram-js-4.0.3.tgz",
      "integrity": "sha512-BzcWUEnRfO2tpdc8XHvG/wsX+GrE/7qGRDf1khn5b0UrzrqqLhj1yiguvpgb0rQSTPeBtkot6PUA4wB2QAQutA==",
      "requires": {
        "css.escape": "^1.5.1",
        "didi": "^4.0.0",
        "hammerjs": "^2.0.1",
        "inherits": "^2.0.1",
        "min-dash": "^3.5.0",
        "min-dom": "^3.0.0",
        "object-refs": "^0.3.0",
        "path-intersection": "^1.0.2",
        "tiny-svg": "^2.2.1"
      }
    },
    "diagram-js-direct-editing": {
      "version": "1.6.1",
      "resolved": "https://registry.npmjs.org/diagram-js-direct-editing/-/diagram-js-direct-editing-1.6.1.tgz",
      "integrity": "sha512-FOW2qp7yT/L3Go/YfBOfnWrV2pc2PPoTSSRIg2nnld8pQDTnMaqKPva9GZEoCtcTJzPV4ctZX52ZdkJ3C7aWaA==",
      "requires": {
        "min-dash": "^3.0.0",
        "min-dom": "^3.0.0"
      }
    },
    "didi": {
      "version": "4.0.0",
      "resolved": "https://registry.npmjs.org/didi/-/didi-4.0.0.tgz",
      "integrity": "sha512-AzMElh8mCHOPWPCWfGjoJRla31fMXUT6+287W5ef3IPmtuBcyG9+MkFS7uPP6v3t2Cl086KwWfRB9mESa0OsHQ=="
    },
    "domify": {
      "version": "1.4.0",
      "resolved": "https://registry.npmjs.org/domify/-/domify-1.4.0.tgz",
      "integrity": "sha1-EUg2F/dk+GlZdbS9x5sU8IA7Yps="
    },
    "hammerjs": {
      "version": "2.0.8",
      "resolved": "https://registry.npmjs.org/hammerjs/-/hammerjs-2.0.8.tgz",
      "integrity": "sha1-BO93hiz/K7edMPdpIJWTAiK/YPE="
    },
    "ids": {
      "version": "1.0.0",
      "resolved": "https://registry.npmjs.org/ids/-/ids-1.0.0.tgz",
      "integrity": "sha512-Zvtq1xUto4LttpstyOlFum8lKx+i1OmRfg+6A9drFS9iSZsDPMHG4Sof/qwNR4kCU7jBeWFPrY2ocHxiz7cCRw=="
    },
    "indexof": {
      "version": "0.0.1",
      "resolved": "https://registry.npmjs.org/indexof/-/indexof-0.0.1.tgz",
      "integrity": "sha1-gtwzbSMrkGIXnQWrMpOmYFn9Q10="
    },
    "inherits": {
      "version": "2.0.4",
      "resolved": "https://registry.npmjs.org/inherits/-/inherits-2.0.4.tgz",
      "integrity": "sha512-k/vGaX4/Yla3WzyMCvTQOXYeIHvqOKtnqBduzTHpzpQZzAskKMhZ2K+EnBiSM9zGSoIFeMpXKxa4dYeZIQqewQ=="
    },
    "lodash": {
      "version": "4.17.21",
      "resolved": "https://registry.npmjs.org/lodash/-/lodash-4.17.21.tgz",
      "integrity": "sha512-v2kDEe57lecTulaDIuNTPy3Ry4gLGJ6Z1O3vE1krgXZNrsQ+LFTGHVxVjcXPs17LhbZVGedAJv8XZ1tvj5FvSg=="
    },
    "lodash.assign": {
      "version": "4.2.0",
      "resolved": "https://registry.npmjs.org/lodash.assign/-/lodash.assign-4.2.0.tgz",
      "integrity": "sha1-DZnzzNem0mHRm9rrkkUAXShYCOc="
    },
    "lodash.pick": {
      "version": "4.4.0",
      "resolved": "https://registry.npmjs.org/lodash.pick/-/lodash.pick-4.4.0.tgz",
      "integrity": "sha1-UvBWEP/53tQiYRRB7R/BI6AwAbM="
    },
    "matches-selector": {
      "version": "1.2.0",
      "resolved": "https://registry.npmjs.org/matches-selector/-/matches-selector-1.2.0.tgz",
      "integrity": "sha512-c4vLwYWyl+Ji+U43eU/G5FwxWd4ZH0ePUsFs5y0uwD9HUEFBXUQ1zUUan+78IpRD+y4pUfG0nAzNM292K7ItvA=="
    },
    "min-dash": {
      "version": "3.5.2",
      "resolved": "https://registry.npmjs.org/min-dash/-/min-dash-3.5.2.tgz",
      "integrity": "sha512-YVbJZUtnzT5QsgJUp9H9uyJTW6NJgswFqI27RI/+MSox860uIjaGMbSQBftEzbMXiJVRG24hpoIh3SG666SHgA=="
    },
    "min-dom": {
      "version": "3.1.1",
      "resolved": "https://registry.npmjs.org/min-dom/-/min-dom-3.1.1.tgz",
      "integrity": "sha512-qvURYMN2jHw9kPg1oFKdOd/VNJOsUNGV5H5j+zpJLkFVyP49tqmTQN8xWMYCDpIKetyQAC6jV5JjskNZr+JHpg==",
      "requires": {
        "closest": "0.0.1",
        "component-event": "^0.1.4",
        "delegate-events": "^1.1.1",
        "domify": "^1.3.1",
        "indexof": "0.0.1",
        "matches-selector": "^1.2.0"
      }
    },
    "mitt": {
      "version": "1.2.0",
      "resolved": "https://registry.npmjs.org/mitt/-/mitt-1.2.0.tgz",
      "integrity": "sha512-r6lj77KlwqLhIUku9UWYes7KJtsczvolZkzp8hbaDPPaE24OmWl5s539Mytlj22siEQKosZ26qCBgda2PKwoJw=="
    },
    "moddle": {
      "version": "4.1.0",
      "resolved": "https://registry.npmjs.org/moddle/-/moddle-4.1.0.tgz",
      "integrity": "sha512-asBaDLTTNpv4oC8iFdwonfMf/noPVvaBDXoSL7AsXZUDqwokgy8Lsf5eXwdnjXiDqm0olYi/S3Do544uVJSQDg==",
      "requires": {
        "min-dash": "^3.0.0"
      }
    },
    "moddle-xml": {
      "version": "7.5.0",
      "resolved": "https://registry.npmjs.org/moddle-xml/-/moddle-xml-7.5.0.tgz",
      "integrity": "sha512-wPm3TD9910Iblp4lg1okHDRilY9gTvNBdo7ZHBmBzH4OioF5R2hvG3SMyn7cAUjOUg0kYUfChHgcUEO+qUc77Q==",
      "requires": {
        "min-dash": "^3.0.0",
        "moddle": "^4.1.0",
        "saxen": "^8.1.0"
      }
    },
    "object-refs": {
      "version": "0.3.0",
      "resolved": "https://registry.npmjs.org/object-refs/-/object-refs-0.3.0.tgz",
      "integrity": "sha512-eP0ywuoWOaDoiake/6kTJlPJhs+k0qNm4nYRzXLNHj6vh+5M3i9R1epJTdxIPGlhWc4fNRQ7a6XJNCX+/L4FOQ=="
    },
    "path-intersection": {
      "version": "1.1.1",
      "resolved": "https://registry.npmjs.org/path-intersection/-/path-intersection-1.1.1.tgz",
      "integrity": "sha512-EdeUuXCm0+tb/2gv8PmRhd9fYYOtbDeTYkwCnzkBuAEjevEZi2mWUi1DVFF5nqSObYsxKcchvKUhnRULWOFreQ=="
    },
    "saxen": {
      "version": "8.1.0",
      "resolved": "https://registry.npmjs.org/saxen/-/saxen-8.1.0.tgz",
      "integrity": "sha512-34U5SdDUxECB5Jkwbc2mAdxHyGvbfCHv0iHgf+x2jaYLlwsPpju9651Lld9CpFpF4zJsoWcF3Q05blXXNOb/cg=="
    },
    "scroll-tabs": {
      "version": "1.0.1",
      "resolved": "https://registry.npmjs.org/scroll-tabs/-/scroll-tabs-1.0.1.tgz",
      "integrity": "sha512-W4xjEwNS4QAyQnaJ450vQTcKpbnalBAfsTDV926WrxEMOqjyj2To8uv2d0Cp0oxMdk5TkygtzXmctPNc2zgBcg==",
      "requires": {
        "min-dash": "^3.1.0",
        "min-dom": "^3.1.0",
        "mitt": "^1.1.3"
      }
    },
    "selection-update": {
      "version": "0.1.2",
      "resolved": "https://registry.npmjs.org/selection-update/-/selection-update-0.1.2.tgz",
      "integrity": "sha1-gDoETcxu2rWjrmSPXwNX6JrWa5Y="
    },
    "tiny-svg": {
      "version": "2.2.2",
      "resolved": "https://registry.npmjs.org/tiny-svg/-/tiny-svg-2.2.2.tgz",
      "integrity": "sha512-u6zCuMkDR/3VAh83X7hDRn/pi0XhwG2ycuNS0cTFtQjGdOG2tSvEb8ds65VeGWc3H6PUjJKeunueXqgkZqtMsg=="
    }
  }
}
